
Microsoft Visual Studio Solution File, Format Version 12.00
# Visual Studio Version 17
VisualStudioVersion = 17.9.34902.65
MinimumVisualStudioVersion = 10.0.40219.1
Project("{FAE04EC0-301F-11D3-BF4B-00C04F79EFBC}") = "laba11", "laba11\laba11.csproj", "{C70027BF-1092-4A1C-916E-E87312725E71}"
EndProject
Global
	GlobalSection(SolutionConfigurationPlatforms) = preSolution
		Debug|Any CPU = Debug|Any CPU
		Release|Any CPU = Release|Any CPU
	EndGlobalSection
	GlobalSection(ProjectConfigurationPlatforms) = postSolution
		{C70027BF-1092-4A1C-916E-E87312725E71}.Debug|Any CPU.ActiveCfg = Debug|Any CPU
		{C70027BF-1092-4A1C-916E-E87312725E71}.Debug|Any CPU.Build.0 = Debug|Any CPU
		{C70027BF-1092-4A1C-916E-E87312725E71}.Release|Any CPU.ActiveCfg = Release|Any CPU
		{C70027BF-1092-4A1C-916E-E87312725E71}.Release|Any CPU.Build.0 = Release|Any CPU
	EndGlobalSection
	GlobalSection(SolutionProperties) = preSolution
		HideSolutionNode = FALSE
	EndGlobalSection
	GlobalSection(ExtensibilityGlobals) = postSolution
		SolutionGuid = {92ED0F14-3CEA-4B0B-A759-75F7BBDF7B1F}
	EndGlobalSection
EndGlobal
